# This file is automatically @generated by Poetry 1.6.1 and should not be changed by hand.

[[package]]
name = "componentize-py"
version = "0.4.2"
description = "Tool to package Python applications as WebAssembly components"
optional = false
python-versions = "*"
files = [
    {file = "componentize_py-0.4.2-cp37-abi3-macosx_10_7_x86_64.whl", hash = "sha256:88443cca626b752e16ac1d9f64aa6f39740dd56db12ca563385be6e879e17bbe"},
    {file = "componentize_py-0.4.2-cp37-abi3-macosx_11_0_arm64.whl", hash = "sha256:b21623b711a69d5518e99cea421df4602da41c7ab8754b71c90bf41ea4349cbc"},
    {file = "componentize_py-0.4.2-cp37-abi3-manylinux_2_28_aarch64.whl", hash = "sha256:d51af29539f9ac4269ee393aabb7cf1113da01be735519cc2da695dfa396b3f7"},
    {file = "componentize_py-0.4.2-cp37-abi3-manylinux_2_28_x86_64.whl", hash = "sha256:6a352a58d48d6a39fa0012f0f2ca742ebd85b8451ca83f93c7a5c6f9c52dfbea"},
    {file = "componentize_py-0.4.2-cp37-abi3-win_amd64.whl", hash = "sha256:61b759b706d75e05ac80363ac9e2f6d1d572540f97465edf0c8d2eb839a7a06b"},
    {file = "componentize_py-0.4.2.tar.gz", hash = "sha256:9648a391f9d194df831b0ed91aaebbf79d2655666a2af44a78241a0f637eaddc"},
]

[metadata]
lock-version = "2.0"
python-versions = "^3.11"
content-hash = "3f7e3fc97b98e35aa53af0750f3f7f64a93fa14775cd31b82291ef18771cf537"
