# This file is automatically @generated by Poetry 1.6.1 and should not be changed by hand.

[[package]]
name = "componentize-py"
version = "0.4.3"
description = "Tool to package Python applications as WebAssembly components"
optional = false
python-versions = "*"
files = [
    {file = "componentize_py-0.4.3-cp37-abi3-macosx_10_7_x86_64.whl", hash = "sha256:13e453d597a9dad75ae2751a710dc1bfd934131a64a22a31f390de9be3a9ec55"},
    {file = "componentize_py-0.4.3-cp37-abi3-macosx_11_0_arm64.whl", hash = "sha256:f903f250c8a37c98088dec07595714740c7bc6349d9f5669538edd642bb243d6"},
    {file = "componentize_py-0.4.3-cp37-abi3-manylinux_2_28_aarch64.whl", hash = "sha256:a842d467e1597e84e7563dd4fc7cfc1aa922f5ae4d445eefd4d6b2c954e677db"},
    {file = "componentize_py-0.4.3-cp37-abi3-manylinux_2_28_x86_64.whl", hash = "sha256:95371f0445f0d2eafc0ae48b878683f7cbd97ac3c5d642035cda24adcdf42481"},
    {file = "componentize_py-0.4.3-cp37-abi3-win_amd64.whl", hash = "sha256:76927a2b8e3959adde4e832682dcc8486112663c84ce6461edc948689bf248ad"},
    {file = "componentize_py-0.4.3.tar.gz", hash = "sha256:91992afb3d20aefc05c3e1af1bf896a009c89ebaf0def2b98942a97cdc6ad28d"},
]

[metadata]
lock-version = "2.0"
python-versions = "^3.11"
content-hash = "3f7e3fc97b98e35aa53af0750f3f7f64a93fa14775cd31b82291ef18771cf537"
