# This file is automatically @generated by Poetry 1.8.4 and should not be changed by hand.

[[package]]
name = "componentize-py"
version = "0.15.2"
description = "Tool to package Python applications as WebAssembly components"
optional = false
python-versions = "*"
files = [
    {file = "componentize_py-0.15.2-cp39-abi3-macosx_10_12_x86_64.whl", hash = "sha256:530d9eb14cb3313347e2198e0d245898c187a405fe418c495265a19802816700"},
    {file = "componentize_py-0.15.2-cp39-abi3-macosx_11_0_arm64.whl", hash = "sha256:b4ff0aeaf0f0f6ecb94ef38ce3aa5da5b6bdc063e542d21ed2ec702a98ebe990"},
    {file = "componentize_py-0.15.2-cp39-abi3-manylinux_2_28_aarch64.whl", hash = "sha256:7d53b56e2ef0c4dc5d8cc3e702fcf67d5acc6c099bac481485706839e77a82f1"},
    {file = "componentize_py-0.15.2-cp39-abi3-manylinux_2_28_x86_64.whl", hash = "sha256:80240117bc877e106e379e422f18d9e5e8080742ef0dfcaf78ec10e930593b10"},
    {file = "componentize_py-0.15.2-cp39-abi3-win_amd64.whl", hash = "sha256:232768f075a4836eeb9118838d0acd028371e319bedd7de75e9009af4fc5d72e"},
    {file = "componentize_py-0.15.2.tar.gz", hash = "sha256:b73f2aafd011b1d8c16a6a7ed0525657fb7923e7dedc5dada609e2eb2eb4cfd6"},
]

[metadata]
lock-version = "2.0"
python-versions = "^3.11"
content-hash = "1892c7910b8e9d5ececb7af5b7b8cb07c230cf1e6a6f16a1043d6616e03a1b8c"
